{
  "name": "plugin-dev-helper",
  "version": "1.0.0",
  "lockfileVersion": 3,
  "requires": true,
  "packages": {
    "": {
      "name": "plugin-dev-helper",
      "version": "1.0.0",
      "dependencies": {
        "@manycore/idp-sdk": "^1.83.0"
      }
    },
    "node_modules/@manycore/idp-sdk": {
      "version": "1.83.0",
      "resolved": "https://registry.npmjs.org/@manycore/idp-sdk/-/idp-sdk-1.83.0.tgz",
      "integrity": "sha512-sZYmjdYtnszC82HXULO2WEYqTsUBbvQrY0ZWJEdUYFSBpPy/+9hHe+xxKzA6wJ+kMyC0L6sKqZ/T2YegbWv6uA==",
      "license": "ISC"
    }
  }
}
